
Microsoft Visual Studio Solution File, Format Version 12.00
Project("{FAE04EC0-301F-11D3-BF4B-00C04F79EFBC}") = "CLIWrapper", "CLIWrapper\CLIWrapper.csproj", "{89A50ED6-893C-44CF-95E4-E7DB289E8E7C}"
EndProject
Global
	GlobalSection(SolutionConfigurationPlatforms) = preSolution
		Debug|Any CPU = Debug|Any CPU
		Release|Any CPU = Release|Any CPU
	EndGlobalSection
	GlobalSection(ProjectConfigurationPlatforms) = postSolution
		{89A50ED6-893C-44CF-95E4-E7DB289E8E7C}.Debug|Any CPU.ActiveCfg = Debug|Any CPU
		{89A50ED6-893C-44CF-95E4-E7DB289E8E7C}.Debug|Any CPU.Build.0 = Debug|Any CPU
		{89A50ED6-893C-44CF-95E4-E7DB289E8E7C}.Release|Any CPU.ActiveCfg = Release|Any CPU
		{89A50ED6-893C-44CF-95E4-E7DB289E8E7C}.Release|Any CPU.Build.0 = Release|Any CPU
	EndGlobalSection
EndGlobal
